
Microsoft Visual Studio Solution File, Format Version 12.00
# Visual Studio Version 17
VisualStudioVersion = 17.11.35312.102
MinimumVisualStudioVersion = 10.0.40219.1
Project("{FAE04EC0-301F-11D3-BF4B-00C04F79EFBC}") = "WindowsFormsApp1", "WindowsFormsApp1\WindowsFormsApp1.csproj", "{85885F90-F73E-4D05-99FD-F53810F4778F}"
EndProject
Global
	GlobalSection(SolutionConfigurationPlatforms) = preSolution
		Debug|Any CPU = Debug|Any CPU
		Release|Any CPU = Release|Any CPU
	EndGlobalSection
	GlobalSection(ProjectConfigurationPlatforms) = postSolution
		{85885F90-F73E-4D05-99FD-F53810F4778F}.Debug|Any CPU.ActiveCfg = Debug|Any CPU
		{85885F90-F73E-4D05-99FD-F53810F4778F}.Debug|Any CPU.Build.0 = Debug|Any CPU
		{85885F90-F73E-4D05-99FD-F53810F4778F}.Release|Any CPU.ActiveCfg = Release|Any CPU
		{85885F90-F73E-4D05-99FD-F53810F4778F}.Release|Any CPU.Build.0 = Release|Any CPU
	EndGlobalSection
	GlobalSection(SolutionProperties) = preSolution
		HideSolutionNode = FALSE
	EndGlobalSection
	GlobalSection(ExtensibilityGlobals) = postSolution
		SolutionGuid = {30474B30-0F6A-4211-A176-27C61EDFCC5F}
	EndGlobalSection
EndGlobal
