
Microsoft Visual Studio Solution File, Format Version 12.00
# Visual Studio Version 17
VisualStudioVersion = 17.11.35312.102
MinimumVisualStudioVersion = 10.0.40219.1
Project("{FAE04EC0-301F-11D3-BF4B-00C04F79EFBC}") = "WindowsFormsApp1", "WindowsFormsApp1\WindowsFormsApp1.csproj", "{C44C93F9-1C3F-4917-8E8B-1B135FD1B738}"
EndProject
Global
	GlobalSection(SolutionConfigurationPlatforms) = preSolution
		Debug|Any CPU = Debug|Any CPU
		Release|Any CPU = Release|Any CPU
	EndGlobalSection
	GlobalSection(ProjectConfigurationPlatforms) = postSolution
		{C44C93F9-1C3F-4917-8E8B-1B135FD1B738}.Debug|Any CPU.ActiveCfg = Debug|Any CPU
		{C44C93F9-1C3F-4917-8E8B-1B135FD1B738}.Debug|Any CPU.Build.0 = Debug|Any CPU
		{C44C93F9-1C3F-4917-8E8B-1B135FD1B738}.Release|Any CPU.ActiveCfg = Release|Any CPU
		{C44C93F9-1C3F-4917-8E8B-1B135FD1B738}.Release|Any CPU.Build.0 = Release|Any CPU
	EndGlobalSection
	GlobalSection(SolutionProperties) = preSolution
		HideSolutionNode = FALSE
	EndGlobalSection
	GlobalSection(ExtensibilityGlobals) = postSolution
		SolutionGuid = {99A46862-533A-4455-8867-2359FF75B612}
	EndGlobalSection
EndGlobal
