
Microsoft Visual Studio Solution File, Format Version 12.00
# Visual Studio Version 17
VisualStudioVersion = 17.9.34701.34
MinimumVisualStudioVersion = 10.0.40219.1
Project("{FAE04EC0-301F-11D3-BF4B-00C04F79EFBC}") = "atividade7", "atividade7\atividade7.csproj", "{C7A3CDDE-32E0-49BC-AC21-12AAF6A28DE4}"
EndProject
Global
	GlobalSection(SolutionConfigurationPlatforms) = preSolution
		Debug|Any CPU = Debug|Any CPU
		Release|Any CPU = Release|Any CPU
	EndGlobalSection
	GlobalSection(ProjectConfigurationPlatforms) = postSolution
		{C7A3CDDE-32E0-49BC-AC21-12AAF6A28DE4}.Debug|Any CPU.ActiveCfg = Debug|Any CPU
		{C7A3CDDE-32E0-49BC-AC21-12AAF6A28DE4}.Debug|Any CPU.Build.0 = Debug|Any CPU
		{C7A3CDDE-32E0-49BC-AC21-12AAF6A28DE4}.Release|Any CPU.ActiveCfg = Release|Any CPU
		{C7A3CDDE-32E0-49BC-AC21-12AAF6A28DE4}.Release|Any CPU.Build.0 = Release|Any CPU
	EndGlobalSection
	GlobalSection(SolutionProperties) = preSolution
		HideSolutionNode = FALSE
	EndGlobalSection
	GlobalSection(ExtensibilityGlobals) = postSolution
		SolutionGuid = {EEF7A601-A436-4BED-85CA-07D23F5C6FDD}
	EndGlobalSection
EndGlobal
